
Microsoft Visual Studio Solution File, Format Version 12.00
# Visual Studio 15
VisualStudioVersion = 15.0.28307.1062
MinimumVisualStudioVersion = 10.0.40219.1
Project("{8BC9CEB8-8B4A-11D0-8D11-00A0C91BC942}") = "mfc_demo", "mfc_demo\mfc_demo.vcxproj", "{4F1D7890-60C7-4A8A-9564-1C853F76FC82}"
EndProject
Global
	GlobalSection(SolutionConfigurationPlatforms) = preSolution
		Debug|x64 = Debug|x64
		Debug|x86 = Debug|x86
		Release|x64 = Release|x64
		Release|x86 = Release|x86
	EndGlobalSection
	GlobalSection(ProjectConfigurationPlatforms) = postSolution
		{4F1D7890-60C7-4A8A-9564-1C853F76FC82}.Debug|x64.ActiveCfg = Debug|x64
		{4F1D7890-60C7-4A8A-9564-1C853F76FC82}.Debug|x64.Build.0 = Debug|x64
		{4F1D7890-60C7-4A8A-9564-1C853F76FC82}.Debug|x86.ActiveCfg = Debug|Win32
		{4F1D7890-60C7-4A8A-9564-1C853F76FC82}.Debug|x86.Build.0 = Debug|Win32
		{4F1D7890-60C7-4A8A-9564-1C853F76FC82}.Release|x64.ActiveCfg = Release|x64
		{4F1D7890-60C7-4A8A-9564-1C853F76FC82}.Release|x64.Build.0 = Release|x64
		{4F1D7890-60C7-4A8A-9564-1C853F76FC82}.Release|x86.ActiveCfg = Release|Win32
		{4F1D7890-60C7-4A8A-9564-1C853F76FC82}.Release|x86.Build.0 = Release|Win32
	EndGlobalSection
	GlobalSection(SolutionProperties) = preSolution
		HideSolutionNode = FALSE
	EndGlobalSection
	GlobalSection(ExtensibilityGlobals) = postSolution
		SolutionGuid = {A18F18AD-8DB9-461F-AB5A-74CB400C6525}
	EndGlobalSection
EndGlobal
